// !$*UTF8*$!
{
	archiveVersion = 1;
	classes = {
	};
	objectVersion = 48;
	objects = {

/* Begin PBXBuildFile section */
		849127E11FA9C4FE00A87B83 /* AppDelegate.m in Sources */ = {isa = PBXBuildFile; fileRef = 849127E01FA9C4FE00A87B83 /* AppDelegate.m */; };
		849127E91FA9C4FE00A87B83 /* Assets.xcassets in Resources */ = {isa = PBXBuildFile; fileRef = 849127E81FA9C4FE00A87B83 /* Assets.xcassets */; };
		849127EF1FA9C4FE00A87B83 /* main.m in Sources */ = {isa = PBXBuildFile; fileRef = 849127EE1FA9C4FE00A87B83 /* main.m */; };
		849127F91FA9C4FF00A87B83 /* XZBarrageAnimationTests.m in Sources */ = {isa = PBXBuildFile; fileRef = 849127F81FA9C4FF00A87B83 /* XZBarrageAnimationTests.m */; };
		8495BD421FAAADEB00BC52A4 /* XZBulletViewController.m in Sources */ = {isa = PBXBuildFile; fileRef = 849128051FA9C82C00A87B83 /* XZBulletViewController.m */; };
		8495BD431FAAADEE00BC52A4 /* XZBulletManager.m in Sources */ = {isa = PBXBuildFile; fileRef = 849128081FA9C82C00A87B83 /* XZBulletManager.m */; };
		8495BD441FAAADF100BC52A4 /* XZBulletView.m in Sources */ = {isa = PBXBuildFile; fileRef = 8491280B1FA9C82C00A87B83 /* XZBulletView.m */; };
/* End PBXBuildFile section */

/* Begin PBXContainerItemProxy section */
		849127F51FA9C4FF00A87B83 /* PBXContainerItemProxy */ = {
			isa = PBXContainerItemProxy;
			containerPortal = 849127D41FA9C4FE00A87B83 /* Project object */;
			proxyType = 1;
			remoteGlobalIDString = 849127DB1FA9C4FE00A87B83;
			remoteInfo = XZBarrageAnimation;
		};
/* End PBXContainerItemProxy section */

/* Begin PBXFileReference section */
		849127DC1FA9C4FE00A87B83 /* XZBarrageAnimation.app */ = {isa = PBXFileReference; explicitFileType = wrapper.application; includeInIndex = 0; path = XZBarrageAnimation.app; sourceTree = BUILT_PRODUCTS_DIR; };
		849127DF1FA9C4FE00A87B83 /* AppDelegate.h */ = {isa = PBXFileReference; lastKnownFileType = sourcecode.c.h; path = AppDelegate.h; sourceTree = "<group>"; };
		849127E01FA9C4FE00A87B83 /* AppDelegate.m */ = {isa = PBXFileReference; lastKnownFileType = sourcecode.c.objc; path = AppDelegate.m; sourceTree = "<group>"; };
		849127E81FA9C4FE00A87B83 /* Assets.xcassets */ = {isa = PBXFileReference; lastKnownFileType = folder.assetcatalog; path = Assets.xcassets; sourceTree = "<group>"; };
		849127ED1FA9C4FE00A87B83 /* Info.plist */ = {isa = PBXFileReference; lastKnownFileType = text.plist.xml; path = Info.plist; sourceTree = "<group>"; };
		849127EE1FA9C4FE00A87B83 /* main.m */ = {isa = PBXFileReference; lastKnownFileType = sourcecode.c.objc; path = main.m; sourceTree = "<group>"; };
		849127F41FA9C4FF00A87B83 /* XZBarrageAnimationTests.xctest */ = {isa = PBXFileReference; explicitFileType = wrapper.cfbundle; includeInIndex = 0; path = XZBarrageAnimationTests.xctest; sourceTree = BUILT_PRODUCTS_DIR; };
		849127F81FA9C4FF00A87B83 /* XZBarrageAnimationTests.m */ = {isa = PBXFileReference; lastKnownFileType = sourcecode.c.objc; path = XZBarrageAnimationTests.m; sourceTree = "<group>"; };
		849127FA1FA9C4FF00A87B83 /* Info.plist */ = {isa = PBXFileReference; lastKnownFileType = text.plist.xml; path = Info.plist; sourceTree = "<group>"; };
		849128041FA9C82C00A87B83 /* XZBulletViewController.h */ = {isa = PBXFileReference; lastKnownFileType = sourcecode.c.h; path = XZBulletViewController.h; sourceTree = "<group>"; };
		849128051FA9C82C00A87B83 /* XZBulletViewController.m */ = {isa = PBXFileReference; lastKnownFileType = sourcecode.c.objc; path = XZBulletViewController.m; sourceTree = "<group>"; };
		849128071FA9C82C00A87B83 /* XZBulletManager.h */ = {isa = PBXFileReference; lastKnownFileType = sourcecode.c.h; path = XZBulletManager.h; sourceTree = "<group>"; };
		849128081FA9C82C00A87B83 /* XZBulletManager.m */ = {isa = PBXFileReference; lastKnownFileType = sourcecode.c.objc; path = XZBulletManager.m; sourceTree = "<group>"; };
		8491280A1FA9C82C00A87B83 /* XZBulletView.h */ = {isa = PBXFileReference; lastKnownFileType = sourcecode.c.h; path = XZBulletView.h; sourceTree = "<group>"; };
		8491280B1FA9C82C00A87B83 /* XZBulletView.m */ = {isa = PBXFileReference; lastKnownFileType = sourcecode.c.objc; path = XZBulletView.m; sourceTree = "<group>"; };
		8495BD471FAAAFF600BC52A4 /* Base */ = {isa = PBXFileReference; lastKnownFileType = file.storyboard; name = Base; path = Base.lproj/LaunchScreen.storyboard; sourceTree = "<group>"; };
/* End PBXFileReference section */

/* Begin PBXFrameworksBuildPhase section */
		849127D91FA9C4FE00A87B83 /* Frameworks */ = {
			isa = PBXFrameworksBuildPhase;
			buildActionMask = 2147483647;
			files = (
			);
			runOnlyForDeploymentPostprocessing = 0;
		};
		849127F11FA9C4FE00A87B83 /* Frameworks */ = {
			isa = PBXFrameworksBuildPhase;
			buildActionMask = 2147483647;
			files = (
			);
			runOnlyForDeploymentPostprocessing = 0;
		};
/* End PBXFrameworksBuildPhase section */

/* Begin PBXGroup section */
		849127D31FA9C4FE00A87B83 = {
			isa = PBXGroup;
			children = (
				849127DE1FA9C4FE00A87B83 /* XZBarrageAnimation */,
				849127F71FA9C4FF00A87B83 /* XZBarrageAnimationTests */,
				849127DD1FA9C4FE00A87B83 /* Products */,
			);
			sourceTree = "<group>";
		};
		849127DD1FA9C4FE00A87B83 /* Products */ = {
			isa = PBXGroup;
			children = (
				849127DC1FA9C4FE00A87B83 /* XZBarrageAnimation.app */,
				849127F41FA9C4FF00A87B83 /* XZBarrageAnimationTests.xctest */,
			);
			name = Products;
			sourceTree = "<group>";
		};
		849127DE1FA9C4FE00A87B83 /* XZBarrageAnimation */ = {
			isa = PBXGroup;
			children = (
				849128061FA9C82C00A87B83 /* Model */,
				849128091FA9C82C00A87B83 /* View */,
				849128031FA9C82C00A87B83 /* Controller */,
				8495BD451FAAAF8600BC52A4 /* Support Files */,
				849127DF1FA9C4FE00A87B83 /* AppDelegate.h */,
				849127E01FA9C4FE00A87B83 /* AppDelegate.m */,
			);
			path = XZBarrageAnimation;
			sourceTree = "<group>";
		};
		849127F71FA9C4FF00A87B83 /* XZBarrageAnimationTests */ = {
			isa = PBXGroup;
			children = (
				849127F81FA9C4FF00A87B83 /* XZBarrageAnimationTests.m */,
				849127FA1FA9C4FF00A87B83 /* Info.plist */,
			);
			path = XZBarrageAnimationTests;
			sourceTree = "<group>";
		};
		849128031FA9C82C00A87B83 /* Controller */ = {
			isa = PBXGroup;
			children = (
				849128041FA9C82C00A87B83 /* XZBulletViewController.h */,
				849128051FA9C82C00A87B83 /* XZBulletViewController.m */,
			);
			path = Controller;
			sourceTree = "<group>";
		};
		849128061FA9C82C00A87B83 /* Model */ = {
			isa = PBXGroup;
			children = (
				849128071FA9C82C00A87B83 /* XZBulletManager.h */,
				849128081FA9C82C00A87B83 /* XZBulletManager.m */,
			);
			path = Model;
			sourceTree = "<group>";
		};
		849128091FA9C82C00A87B83 /* View */ = {
			isa = PBXGroup;
			children = (
				8491280A1FA9C82C00A87B83 /* XZBulletView.h */,
				8491280B1FA9C82C00A87B83 /* XZBulletView.m */,
			);
			path = View;
			sourceTree = "<group>";
		};
		8495BD451FAAAF8600BC52A4 /* Support Files */ = {
			isa = PBXGroup;
			children = (
				849127E81FA9C4FE00A87B83 /* Assets.xcassets */,
				8495BD461FAAAFF600BC52A4 /* LaunchScreen.storyboard */,
				849127EE1FA9C4FE00A87B83 /* main.m */,
				849127ED1FA9C4FE00A87B83 /* Info.plist */,
			);
			path = "Support Files";
			sourceTree = "<group>";
		};
/* End PBXGroup section */

/* Begin PBXNativeTarget section */
		849127DB1FA9C4FE00A87B83 /* XZBarrageAnimation */ = {
			isa = PBXNativeTarget;
			buildConfigurationList = 849127FD1FA9C4FF00A87B83 /* Build configuration list for PBXNativeTarget "XZBarrageAnimation" */;
			buildPhases = (
				849127D81FA9C4FE00A87B83 /* Sources */,
				849127D91FA9C4FE00A87B83 /* Frameworks */,
				849127DA1FA9C4FE00A87B83 /* Resources */,
			);
			buildRules = (
			);
			dependencies = (
			);
			name = XZBarrageAnimation;
			productName = XZBarrageAnimation;
			productReference = 849127DC1FA9C4FE00A87B83 /* XZBarrageAnimation.app */;
			productType = "com.apple.product-type.application";
		};
		849127F31FA9C4FE00A87B83 /* XZBarrageAnimationTests */ = {
			isa = PBXNativeTarget;
			buildConfigurationList = 849128001FA9C4FF00A87B83 /* Build configuration list for PBXNativeTarget "XZBarrageAnimationTests" */;
			buildPhases = (
				849127F01FA9C4FE00A87B83 /* Sources */,
				849127F11FA9C4FE00A87B83 /* Frameworks */,
				849127F21FA9C4FE00A87B83 /* Resources */,
			);
			buildRules = (
			);
			dependencies = (
				849127F61FA9C4FF00A87B83 /* PBXTargetDependency */,
			);
			name = XZBarrageAnimationTests;
			productName = XZBarrageAnimationTests;
			productReference = 849127F41FA9C4FF00A87B83 /* XZBarrageAnimationTests.xctest */;
			productType = "com.apple.product-type.bundle.unit-test";
		};
/* End PBXNativeTarget section */

/* Begin PBXProject section */
		849127D41FA9C4FE00A87B83 /* Project object */ = {
			isa = PBXProject;
			attributes = {
				LastUpgradeCheck = 0900;
				ORGANIZATIONNAME = XZ;
				TargetAttributes = {
					849127DB1FA9C4FE00A87B83 = {
						CreatedOnToolsVersion = 9.0;
						ProvisioningStyle = Automatic;
					};
					849127F31FA9C4FE00A87B83 = {
						CreatedOnToolsVersion = 9.0;
						ProvisioningStyle = Automatic;
						TestTargetID = 849127DB1FA9C4FE00A87B83;
					};
				};
			};
			buildConfigurationList = 849127D71FA9C4FE00A87B83 /* Build configuration list for PBXProject "XZBarrageAnimation" */;
			compatibilityVersion = "Xcode 8.0";
			developmentRegion = en;
			hasScannedForEncodings = 0;
			knownRegions = (
				en,
				Base,
			);
			mainGroup = 849127D31FA9C4FE00A87B83;
			productRefGroup = 849127DD1FA9C4FE00A87B83 /* Products */;
			projectDirPath = "";
			projectRoot = "";
			targets = (
				849127DB1FA9C4FE00A87B83 /* XZBarrageAnimation */,
				849127F31FA9C4FE00A87B83 /* XZBarrageAnimationTests */,
			);
		};
/* End PBXProject section */

/* Begin PBXResourcesBuildPhase section */
		849127DA1FA9C4FE00A87B83 /* Resources */ = {
			isa = PBXResourcesBuildPhase;
			buildActionMask = 2147483647;
			files = (
				849127E91FA9C4FE00A87B83 /* Assets.xcassets in Resources */,
			);
			runOnlyForDeploymentPostprocessing = 0;
		};
		849127F21FA9C4FE00A87B83 /* Resources */ = {
			isa = PBXResourcesBuildPhase;
			buildActionMask = 2147483647;
			files = (
			);
			runOnlyForDeploymentPostprocessing = 0;
		};
/* End PBXResourcesBuildPhase section */

/* Begin PBXSourcesBuildPhase section */
		849127D81FA9C4FE00A87B83 /* Sources */ = {
			isa = PBXSourcesBuildPhase;
			buildActionMask = 2147483647;
			files = (
				8495BD441FAAADF100BC52A4 /* XZBulletView.m in Sources */,
				8495BD431FAAADEE00BC52A4 /* XZBulletManager.m in Sources */,
				8495BD421FAAADEB00BC52A4 /* XZBulletViewController.m in Sources */,
				849127EF1FA9C4FE00A87B83 /* main.m in Sources */,
				849127E11FA9C4FE00A87B83 /* AppDelegate.m in Sources */,
			);
			runOnlyForDeploymentPostprocessing = 0;
		};
		849127F01FA9C4FE00A87B83 /* Sources */ = {
			isa = PBXSourcesBuildPhase;
			buildActionMask = 2147483647;
			files = (
				849127F91FA9C4FF00A87B83 /* XZBarrageAnimationTests.m in Sources */,
			);
			runOnlyForDeploymentPostprocessing = 0;
		};
/* End PBXSourcesBuildPhase section */

/* Begin PBXTargetDependency section */
		849127F61FA9C4FF00A87B83 /* PBXTargetDependency */ = {
			isa = PBXTargetDependency;
			target = 849127DB1FA9C4FE00A87B83 /* XZBarrageAnimation */;
			targetProxy = 849127F51FA9C4FF00A87B83 /* PBXContainerItemProxy */;
		};
/* End PBXTargetDependency section */

/* Begin PBXVariantGroup section */
		8495BD461FAAAFF600BC52A4 /* LaunchScreen.storyboard */ = {
			isa = PBXVariantGroup;
			children = (
				8495BD471FAAAFF600BC52A4 /* Base */,
			);
			name = LaunchScreen.storyboard;
			sourceTree = "<group>";
		};
/* End PBXVariantGroup section */

/* Begin XCBuildConfiguration section */
		849127FB1FA9C4FF00A87B83 /* Debug */ = {
			isa = XCBuildConfiguration;
			buildSettings = {
				ALWAYS_SEARCH_USER_PATHS = NO;
				CLANG_ANALYZER_NONNULL = YES;
				CLANG_ANALYZER_NUMBER_OBJECT_CONVERSION = YES_AGGRESSIVE;
				CLANG_CXX_LANGUAGE_STANDARD = "gnu++14";
				CLANG_CXX_LIBRARY = "libc++";
				CLANG_ENABLE_MODULES = YES;
				CLANG_ENABLE_OBJC_ARC = YES;
				CLANG_WARN_BLOCK_CAPTURE_AUTORELEASING = YES;
				CLANG_WARN_BOOL_CONVERSION = YES;
				CLANG_WARN_COMMA = YES;
				CLANG_WARN_CONSTANT_CONVERSION = YES;
				CLANG_WARN_DIRECT_OBJC_ISA_USAGE = YES_ERROR;
				CLANG_WARN_DOCUMENTATION_COMMENTS = YES;
				CLANG_WARN_EMPTY_BODY = YES;
				CLANG_WARN_ENUM_CONVERSION = YES;
				CLANG_WARN_INFINITE_RECURSION = YES;
				CLANG_WARN_INT_CONVERSION = YES;
				CLANG_WARN_NON_LITERAL_NULL_CONVERSION = YES;
				CLANG_WARN_OBJC_LITERAL_CONVERSION = YES;
				CLANG_WARN_OBJC_ROOT_CLASS = YES_ERROR;
				CLANG_WARN_RANGE_LOOP_ANALYSIS = YES;
				CLANG_WARN_STRICT_PROTOTYPES = YES;
				CLANG_WARN_SUSPICIOUS_MOVE = YES;
				CLANG_WARN_UNGUARDED_AVAILABILITY = YES_AGGRESSIVE;
				CLANG_WARN_UNREACHABLE_CODE = YES;
				CLANG_WARN__DUPLICATE_METHOD_MATCH = YES;
				CODE_SIGN_IDENTITY = "iPhone Developer";
				COPY_PHASE_STRIP = NO;
				DEBUG_INFORMATION_FORMAT = dwarf;
				ENABLE_STRICT_OBJC_MSGSEND = YES;
				ENABLE_TESTABILITY = YES;
				GCC_C_LANGUAGE_STANDARD = gnu11;
				GCC_DYNAMIC_NO_PIC = NO;
				GCC_NO_COMMON_BLOCKS = YES;
				GCC_OPTIMIZATION_LEVEL = 0;
				GCC_PREPROCESSOR_DEFINITIONS = (
					"DEBUG=1",
					"$(inherited)",
				);
				GCC_WARN_64_TO_32_BIT_CONVERSION = YES;
				GCC_WARN_ABOUT_RETURN_TYPE = YES_ERROR;
				GCC_WARN_UNDECLARED_SELECTOR = YES;
				GCC_WARN_UNINITIALIZED_AUTOS = YES_AGGRESSIVE;
				GCC_WARN_UNUSED_FUNCTION = YES;
				GCC_WARN_UNUSED_VARIABLE = YES;
				IPHONEOS_DEPLOYMENT_TARGET = 11.0;
				MTL_ENABLE_DEBUG_INFO = YES;
				ONLY_ACTIVE_ARCH = YES;
				SDKROOT = iphoneos;
			};
			name = Debug;
		};
		849127FC1FA9C4FF00A87B83 /* Release */ = {
			isa = XCBuildConfiguration;
			buildSettings = {
				ALWAYS_SEARCH_USER_PATHS = NO;
				CLANG_ANALYZER_NONNULL = YES;
				CLANG_ANALYZER_NUMBER_OBJECT_CONVERSION = YES_AGGRESSIVE;
				CLANG_CXX_LANGUAGE_STANDARD = "gnu++14";
				CLANG_CXX_LIBRARY = "libc++";
				CLANG_ENABLE_MODULES = YES;
				CLANG_ENABLE_OBJC_ARC = YES;
				CLANG_WARN_BLOCK_CAPTURE_AUTORELEASING = YES;
				CLANG_WARN_BOOL_CONVERSION = YES;
				CLANG_WARN_COMMA = YES;
				CLANG_WARN_CONSTANT_CONVERSION = YES;
				CLANG_WARN_DIRECT_OBJC_ISA_USAGE = YES_ERROR;
				CLANG_WARN_DOCUMENTATION_COMMENTS = YES;
				CLANG_WARN_EMPTY_BODY = YES;
				CLANG_WARN_ENUM_CONVERSION = YES;
				CLANG_WARN_INFINITE_RECURSION = YES;
				CLANG_WARN_INT_CONVERSION = YES;
				CLANG_WARN_NON_LITERAL_NULL_CONVERSION = YES;
				CLANG_WARN_OBJC_LITERAL_CONVERSION = YES;
				CLANG_WARN_OBJC_ROOT_CLASS = YES_ERROR;
				CLANG_WARN_RANGE_LOOP_ANALYSIS = YES;
				CLANG_WARN_STRICT_PROTOTYPES = YES;
				CLANG_WARN_SUSPICIOUS_MOVE = YES;
				CLANG_WARN_UNGUARDED_AVAILABILITY = YES_AGGRESSIVE;
				CLANG_WARN_UNREACHABLE_CODE = YES;
				CLANG_WARN__DUPLICATE_METHOD_MATCH = YES;
				CODE_SIGN_IDENTITY = "iPhone Developer";
				COPY_PHASE_STRIP = NO;
				DEBUG_INFORMATION_FORMAT = "dwarf-with-dsym";
				ENABLE_NS_ASSERTIONS = NO;
				ENABLE_STRICT_OBJC_MSGSEND = YES;
				GCC_C_LANGUAGE_STANDARD = gnu11;
				GCC_NO_COMMON_BLOCKS = YES;
				GCC_WARN_64_TO_32_BIT_CONVERSION = YES;
				GCC_WARN_ABOUT_RETURN_TYPE = YES_ERROR;
				GCC_WARN_UNDECLARED_SELECTOR = YES;
				GCC_WARN_UNINITIALIZED_AUTOS = YES_AGGRESSIVE;
				GCC_WARN_UNUSED_FUNCTION = YES;
				GCC_WARN_UNUSED_VARIABLE = YES;
				IPHONEOS_DEPLOYMENT_TARGET = 11.0;
				MTL_ENABLE_DEBUG_INFO = NO;
				SDKROOT = iphoneos;
				VALIDATE_PRODUCT = YES;
			};
			name = Release;
		};
		849127FE1FA9C4FF00A87B83 /* Debug */ = {
			isa = XCBuildConfiguration;
			buildSettings = {
				ASSETCATALOG_COMPILER_APPICON_NAME = AppIcon;
				CODE_SIGN_STYLE = Automatic;
				INFOPLIST_FILE = XZBarrageAnimation/Info.plist;
				IPHONEOS_DEPLOYMENT_TARGET = 9.0;
				LD_RUNPATH_SEARCH_PATHS = "$(inherited) @executable_path/Frameworks";
				PRODUCT_BUNDLE_IDENTIFIER = com.XZ.XZBarrageAnimation;
				PRODUCT_NAME = "$(TARGET_NAME)";
				TARGETED_DEVICE_FAMILY = "1,2";
			};
			name = Debug;
		};
		849127FF1FA9C4FF00A87B83 /* Release */ = {
			isa = XCBuildConfiguration;
			buildSettings = {
				ASSETCATALOG_COMPILER_APPICON_NAME = AppIcon;
				CODE_SIGN_STYLE = Automatic;
				INFOPLIST_FILE = XZBarrageAnimation/Info.plist;
				IPHONEOS_DEPLOYMENT_TARGET = 9.0;
				LD_RUNPATH_SEARCH_PATHS = "$(inherited) @executable_path/Frameworks";
				PRODUCT_BUNDLE_IDENTIFIER = com.XZ.XZBarrageAnimation;
				PRODUCT_NAME = "$(TARGET_NAME)";
				TARGETED_DEVICE_FAMILY = "1,2";
			};
			name = Release;
		};
		849128011FA9C4FF00A87B83 /* Debug */ = {
			isa = XCBuildConfiguration;
			buildSettings = {
				BUNDLE_LOADER = "$(TEST_HOST)";
				CODE_SIGN_STYLE = Automatic;
				INFOPLIST_FILE = XZBarrageAnimationTests/Info.plist;
				LD_RUNPATH_SEARCH_PATHS = "$(inherited) @executable_path/Frameworks @loader_path/Frameworks";
				PRODUCT_BUNDLE_IDENTIFIER = com.XZ.XZBarrageAnimationTests;
				PRODUCT_NAME = "$(TARGET_NAME)";
				TARGETED_DEVICE_FAMILY = "1,2";
				TEST_HOST = "$(BUILT_PRODUCTS_DIR)/XZBarrageAnimation.app/XZBarrageAnimation";
			};
			name = Debug;
		};
		849128021FA9C4FF00A87B83 /* Release */ = {
			isa = XCBuildConfiguration;
			buildSettings = {
				BUNDLE_LOADER = "$(TEST_HOST)";
				CODE_SIGN_STYLE = Automatic;
				INFOPLIST_FILE = XZBarrageAnimationTests/Info.plist;
				LD_RUNPATH_SEARCH_PATHS = "$(inherited) @executable_path/Frameworks @loader_path/Frameworks";
				PRODUCT_BUNDLE_IDENTIFIER = com.XZ.XZBarrageAnimationTests;
				PRODUCT_NAME = "$(TARGET_NAME)";
				TARGETED_DEVICE_FAMILY = "1,2";
				TEST_HOST = "$(BUILT_PRODUCTS_DIR)/XZBarrageAnimation.app/XZBarrageAnimation";
			};
			name = Release;
		};
/* End XCBuildConfiguration section */

/* Begin XCConfigurationList section */
		849127D71FA9C4FE00A87B83 /* Build configuration list for PBXProject "XZBarrageAnimation" */ = {
			isa = XCConfigurationList;
			buildConfigurations = (
				849127FB1FA9C4FF00A87B83 /* Debug */,
				849127FC1FA9C4FF00A87B83 /* Release */,
			);
			defaultConfigurationIsVisible = 0;
			defaultConfigurationName = Release;
		};
		849127FD1FA9C4FF00A87B83 /* Build configuration list for PBXNativeTarget "XZBarrageAnimation" */ = {
			isa = XCConfigurationList;
			buildConfigurations = (
				849127FE1FA9C4FF00A87B83 /* Debug */,
				849127FF1FA9C4FF00A87B83 /* Release */,
			);
			defaultConfigurationIsVisible = 0;
			defaultConfigurationName = Release;
		};
		849128001FA9C4FF00A87B83 /* Build configuration list for PBXNativeTarget "XZBarrageAnimationTests" */ = {
			isa = XCConfigurationList;
			buildConfigurations = (
				849128011FA9C4FF00A87B83 /* Debug */,
				849128021FA9C4FF00A87B83 /* Release */,
			);
			defaultConfigurationIsVisible = 0;
			defaultConfigurationName = Release;
		};
/* End XCConfigurationList section */
	};
	rootObject = 849127D41FA9C4FE00A87B83 /* Project object */;
}
